# THIS IS AN AUTOGENERATED FILE. DO NOT EDIT THIS FILE DIRECTLY.
# yarn lockfile v1

lodash@^4.17.21:
  version "4.17.21"
  resolved "https://registry.yarnpkg.com/lodash/-/lodash-4.17.21.tgz#acfcd1c585b7b22fc106d5efa205376b7cb9b7f4"
  integrity sha512-v2kDEp8sE+ax7JjGaYzWxOKYnyyAqA1LaUqOgfR36lf2CQZiOc5RUADstJ3Wv/1wM+7PRBN+GJw0d+f+2iG4zQ==
